// !$*UTF8*$!
{
	archiveVersion = 1;
	classes = {
	};
	objectVersion = 46;
	objects = {

/* Begin PBXBuildFile section */
		C9E0765F1D38B4FF00A10388 /* main.m in Sources */ = {isa = PBXBuildFile; fileRef = C9E0765E1D38B4FF00A10388 /* main.m */; };
		C9E076621D38B4FF00A10388 /* AppDelegate.m in Sources */ = {isa = PBXBuildFile; fileRef = C9E076611D38B4FF00A10388 /* AppDelegate.m */; };
		C9E076651D38B4FF00A10388 /* ViewController.m in Sources */ = {isa = PBXBuildFile; fileRef = C9E076641D38B4FF00A10388 /* ViewController.m */; };
		C9E076681D38B4FF00A10388 /* Main.storyboard in Resources */ = {isa = PBXBuildFile; fileRef = C9E076661D38B4FF00A10388 /* Main.storyboard */; };
		C9E0766A1D38B4FF00A10388 /* Assets.xcassets in Resources */ = {isa = PBXBuildFile; fileRef = C9E076691D38B4FF00A10388 /* Assets.xcassets */; };
		C9E0766D1D38B4FF00A10388 /* LaunchScreen.storyboard in Resources */ = {isa = PBXBuildFile; fileRef = C9E0766B1D38B4FF00A10388 /* LaunchScreen.storyboard */; };
		C9E076781D38B4FF00A10388 /* LWTagsViewTests.m in Sources */ = {isa = PBXBuildFile; fileRef = C9E076771D38B4FF00A10388 /* LWTagsViewTests.m */; };
		C9E076831D38B4FF00A10388 /* LWTagsViewUITests.m in Sources */ = {isa = PBXBuildFile; fileRef = C9E076821D38B4FF00A10388 /* LWTagsViewUITests.m */; };
/* End PBXBuildFile section */

/* Begin PBXContainerItemProxy section */
		C9E076741D38B4FF00A10388 /* PBXContainerItemProxy */ = {
			isa = PBXContainerItemProxy;
			containerPortal = C9E076521D38B4FF00A10388 /* Project object */;
			proxyType = 1;
			remoteGlobalIDString = C9E076591D38B4FF00A10388;
			remoteInfo = LWTagsView;
		};
		C9E0767F1D38B4FF00A10388 /* PBXContainerItemProxy */ = {
			isa = PBXContainerItemProxy;
			containerPortal = C9E076521D38B4FF00A10388 /* Project object */;
			proxyType = 1;
			remoteGlobalIDString = C9E076591D38B4FF00A10388;
			remoteInfo = LWTagsView;
		};
/* End PBXContainerItemProxy section */

/* Begin PBXFileReference section */
		C9E0765A1D38B4FF00A10388 /* LWTagsView.app */ = {isa = PBXFileReference; explicitFileType = wrapper.application; includeInIndex = 0; path = LWTagsView.app; sourceTree = BUILT_PRODUCTS_DIR; };
		C9E0765E1D38B4FF00A10388 /* main.m */ = {isa = PBXFileReference; lastKnownFileType = sourcecode.c.objc; path = main.m; sourceTree = "<group>"; };
		C9E076601D38B4FF00A10388 /* AppDelegate.h */ = {isa = PBXFileReference; lastKnownFileType = sourcecode.c.h; path = AppDelegate.h; sourceTree = "<group>"; };
		C9E076611D38B4FF00A10388 /* AppDelegate.m */ = {isa = PBXFileReference; lastKnownFileType = sourcecode.c.objc; path = AppDelegate.m; sourceTree = "<group>"; };
		C9E076631D38B4FF00A10388 /* ViewController.h */ = {isa = PBXFileReference; lastKnownFileType = sourcecode.c.h; path = ViewController.h; sourceTree = "<group>"; };
		C9E076641D38B4FF00A10388 /* ViewController.m */ = {isa = PBXFileReference; lastKnownFileType = sourcecode.c.objc; path = ViewController.m; sourceTree = "<group>"; };
		C9E076671D38B4FF00A10388 /* Base */ = {isa = PBXFileReference; lastKnownFileType = file.storyboard; name = Base; path = Base.lproj/Main.storyboard; sourceTree = "<group>"; };
		C9E076691D38B4FF00A10388 /* Assets.xcassets */ = {isa = PBXFileReference; lastKnownFileType = folder.assetcatalog; path = Assets.xcassets; sourceTree = "<group>"; };
		C9E0766C1D38B4FF00A10388 /* Base */ = {isa = PBXFileReference; lastKnownFileType = file.storyboard; name = Base; path = Base.lproj/LaunchScreen.storyboard; sourceTree = "<group>"; };
		C9E0766E1D38B4FF00A10388 /* Info.plist */ = {isa = PBXFileReference; lastKnownFileType = text.plist.xml; path = Info.plist; sourceTree = "<group>"; };
		C9E076731D38B4FF00A10388 /* LWTagsViewTests.xctest */ = {isa = PBXFileReference; explicitFileType = wrapper.cfbundle; includeInIndex = 0; path = LWTagsViewTests.xctest; sourceTree = BUILT_PRODUCTS_DIR; };
		C9E076771D38B4FF00A10388 /* LWTagsViewTests.m */ = {isa = PBXFileReference; lastKnownFileType = sourcecode.c.objc; path = LWTagsViewTests.m; sourceTree = "<group>"; };
		C9E076791D38B4FF00A10388 /* Info.plist */ = {isa = PBXFileReference; lastKnownFileType = text.plist.xml; path = Info.plist; sourceTree = "<group>"; };
		C9E0767E1D38B4FF00A10388 /* LWTagsViewUITests.xctest */ = {isa = PBXFileReference; explicitFileType = wrapper.cfbundle; includeInIndex = 0; path = LWTagsViewUITests.xctest; sourceTree = BUILT_PRODUCTS_DIR; };
		C9E076821D38B4FF00A10388 /* LWTagsViewUITests.m */ = {isa = PBXFileReference; lastKnownFileType = sourcecode.c.objc; path = LWTagsViewUITests.m; sourceTree = "<group>"; };
		C9E076841D38B4FF00A10388 /* Info.plist */ = {isa = PBXFileReference; lastKnownFileType = text.plist.xml; path = Info.plist; sourceTree = "<group>"; };
/* End PBXFileReference section */

/* Begin PBXFrameworksBuildPhase section */
		C9E076571D38B4FF00A10388 /* Frameworks */ = {
			isa = PBXFrameworksBuildPhase;
			buildActionMask = 2147483647;
			files = (
			);
			runOnlyForDeploymentPostprocessing = 0;
		};
		C9E076701D38B4FF00A10388 /* Frameworks */ = {
			isa = PBXFrameworksBuildPhase;
			buildActionMask = 2147483647;
			files = (
			);
			runOnlyForDeploymentPostprocessing = 0;
		};
		C9E0767B1D38B4FF00A10388 /* Frameworks */ = {
			isa = PBXFrameworksBuildPhase;
			buildActionMask = 2147483647;
			files = (
			);
			runOnlyForDeploymentPostprocessing = 0;
		};
/* End PBXFrameworksBuildPhase section */

/* Begin PBXGroup section */
		C9E076511D38B4FF00A10388 = {
			isa = PBXGroup;
			children = (
				C9E0765C1D38B4FF00A10388 /* LWTagsView */,
				C9E076761D38B4FF00A10388 /* LWTagsViewTests */,
				C9E076811D38B4FF00A10388 /* LWTagsViewUITests */,
				C9E0765B1D38B4FF00A10388 /* Products */,
			);
			sourceTree = "<group>";
		};
		C9E0765B1D38B4FF00A10388 /* Products */ = {
			isa = PBXGroup;
			children = (
				C9E0765A1D38B4FF00A10388 /* LWTagsView.app */,
				C9E076731D38B4FF00A10388 /* LWTagsViewTests.xctest */,
				C9E0767E1D38B4FF00A10388 /* LWTagsViewUITests.xctest */,
			);
			name = Products;
			sourceTree = "<group>";
		};
		C9E0765C1D38B4FF00A10388 /* LWTagsView */ = {
			isa = PBXGroup;
			children = (
				C9E076601D38B4FF00A10388 /* AppDelegate.h */,
				C9E076611D38B4FF00A10388 /* AppDelegate.m */,
				C9E076631D38B4FF00A10388 /* ViewController.h */,
				C9E076641D38B4FF00A10388 /* ViewController.m */,
				C9E076661D38B4FF00A10388 /* Main.storyboard */,
				C9E076691D38B4FF00A10388 /* Assets.xcassets */,
				C9E0766B1D38B4FF00A10388 /* LaunchScreen.storyboard */,
				C9E0766E1D38B4FF00A10388 /* Info.plist */,
				C9E0765D1D38B4FF00A10388 /* Supporting Files */,
			);
			path = LWTagsView;
			sourceTree = "<group>";
		};
		C9E0765D1D38B4FF00A10388 /* Supporting Files */ = {
			isa = PBXGroup;
			children = (
				C9E0765E1D38B4FF00A10388 /* main.m */,
			);
			name = "Supporting Files";
			sourceTree = "<group>";
		};
		C9E076761D38B4FF00A10388 /* LWTagsViewTests */ = {
			isa = PBXGroup;
			children = (
				C9E076771D38B4FF00A10388 /* LWTagsViewTests.m */,
				C9E076791D38B4FF00A10388 /* Info.plist */,
			);
			path = LWTagsViewTests;
			sourceTree = "<group>";
		};
		C9E076811D38B4FF00A10388 /* LWTagsViewUITests */ = {
			isa = PBXGroup;
			children = (
				C9E076821D38B4FF00A10388 /* LWTagsViewUITests.m */,
				C9E076841D38B4FF00A10388 /* Info.plist */,
			);
			path = LWTagsViewUITests;
			sourceTree = "<group>";
		};
/* End PBXGroup section */

/* Begin PBXNativeTarget section */
		C9E076591D38B4FF00A10388 /* LWTagsView */ = {
			isa = PBXNativeTarget;
			buildConfigurationList = C9E076871D38B4FF00A10388 /* Build configuration list for PBXNativeTarget "LWTagsView" */;
			buildPhases = (
				C9E076561D38B4FF00A10388 /* Sources */,
				C9E076571D38B4FF00A10388 /* Frameworks */,
				C9E076581D38B4FF00A10388 /* Resources */,
			);
			buildRules = (
			);
			dependencies = (
			);
			name = LWTagsView;
			productName = LWTagsView;
			productReference = C9E0765A1D38B4FF00A10388 /* LWTagsView.app */;
			productType = "com.apple.product-type.application";
		};
		C9E076721D38B4FF00A10388 /* LWTagsViewTests */ = {
			isa = PBXNativeTarget;
			buildConfigurationList = C9E0768A1D38B4FF00A10388 /* Build configuration list for PBXNativeTarget "LWTagsViewTests" */;
			buildPhases = (
				C9E0766F1D38B4FF00A10388 /* Sources */,
				C9E076701D38B4FF00A10388 /* Frameworks */,
				C9E076711D38B4FF00A10388 /* Resources */,
			);
			buildRules = (
			);
			dependencies = (
				C9E076751D38B4FF00A10388 /* PBXTargetDependency */,
			);
			name = LWTagsViewTests;
			productName = LWTagsViewTests;
			productReference = C9E076731D38B4FF00A10388 /* LWTagsViewTests.xctest */;
			productType = "com.apple.product-type.bundle.unit-test";
		};
		C9E0767D1D38B4FF00A10388 /* LWTagsViewUITests */ = {
			isa = PBXNativeTarget;
			buildConfigurationList = C9E0768D1D38B4FF00A10388 /* Build configuration list for PBXNativeTarget "LWTagsViewUITests" */;
			buildPhases = (
				C9E0767A1D38B4FF00A10388 /* Sources */,
				C9E0767B1D38B4FF00A10388 /* Frameworks */,
				C9E0767C1D38B4FF00A10388 /* Resources */,
			);
			buildRules = (
			);
			dependencies = (
				C9E076801D38B4FF00A10388 /* PBXTargetDependency */,
			);
			name = LWTagsViewUITests;
			productName = LWTagsViewUITests;
			productReference = C9E0767E1D38B4FF00A10388 /* LWTagsViewUITests.xctest */;
			productType = "com.apple.product-type.bundle.ui-testing";
		};
/* End PBXNativeTarget section */

/* Begin PBXProject section */
		C9E076521D38B4FF00A10388 /* Project object */ = {
			isa = PBXProject;
			attributes = {
				LastUpgradeCheck = 0720;
				ORGANIZATIONNAME = TFLH;
				TargetAttributes = {
					C9E076591D38B4FF00A10388 = {
						CreatedOnToolsVersion = 7.2;
					};
					C9E076721D38B4FF00A10388 = {
						CreatedOnToolsVersion = 7.2;
						TestTargetID = C9E076591D38B4FF00A10388;
					};
					C9E0767D1D38B4FF00A10388 = {
						CreatedOnToolsVersion = 7.2;
						TestTargetID = C9E076591D38B4FF00A10388;
					};
				};
			};
			buildConfigurationList = C9E076551D38B4FF00A10388 /* Build configuration list for PBXProject "LWTagsView" */;
			compatibilityVersion = "Xcode 3.2";
			developmentRegion = English;
			hasScannedForEncodings = 0;
			knownRegions = (
				en,
				Base,
			);
			mainGroup = C9E076511D38B4FF00A10388;
			productRefGroup = C9E0765B1D38B4FF00A10388 /* Products */;
			projectDirPath = "";
			projectRoot = "";
			targets = (
				C9E076591D38B4FF00A10388 /* LWTagsView */,
				C9E076721D38B4FF00A10388 /* LWTagsViewTests */,
				C9E0767D1D38B4FF00A10388 /* LWTagsViewUITests */,
			);
		};
/* End PBXProject section */

/* Begin PBXResourcesBuildPhase section */
		C9E076581D38B4FF00A10388 /* Resources */ = {
			isa = PBXResourcesBuildPhase;
			buildActionMask = 2147483647;
			files = (
				C9E0766D1D38B4FF00A10388 /* LaunchScreen.storyboard in Resources */,
				C9E0766A1D38B4FF00A10388 /* Assets.xcassets in Resources */,
				C9E076681D38B4FF00A10388 /* Main.storyboard in Resources */,
			);
			runOnlyForDeploymentPostprocessing = 0;
		};
		C9E076711D38B4FF00A10388 /* Resources */ = {
			isa = PBXResourcesBuildPhase;
			buildActionMask = 2147483647;
			files = (
			);
			runOnlyForDeploymentPostprocessing = 0;
		};
		C9E0767C1D38B4FF00A10388 /* Resources */ = {
			isa = PBXResourcesBuildPhase;
			buildActionMask = 2147483647;
			files = (
			);
			runOnlyForDeploymentPostprocessing = 0;
		};
/* End PBXResourcesBuildPhase section */

/* Begin PBXSourcesBuildPhase section */
		C9E076561D38B4FF00A10388 /* Sources */ = {
			isa = PBXSourcesBuildPhase;
			buildActionMask = 2147483647;
			files = (
				C9E076651D38B4FF00A10388 /* ViewController.m in Sources */,
				C9E076621D38B4FF00A10388 /* AppDelegate.m in Sources */,
				C9E0765F1D38B4FF00A10388 /* main.m in Sources */,
			);
			runOnlyForDeploymentPostprocessing = 0;
		};
		C9E0766F1D38B4FF00A10388 /* Sources */ = {
			isa = PBXSourcesBuildPhase;
			buildActionMask = 2147483647;
			files = (
				C9E076781D38B4FF00A10388 /* LWTagsViewTests.m in Sources */,
			);
			runOnlyForDeploymentPostprocessing = 0;
		};
		C9E0767A1D38B4FF00A10388 /* Sources */ = {
			isa = PBXSourcesBuildPhase;
			buildActionMask = 2147483647;
			files = (
				C9E076831D38B4FF00A10388 /* LWTagsViewUITests.m in Sources */,
			);
			runOnlyForDeploymentPostprocessing = 0;
		};
/* End PBXSourcesBuildPhase section */

/* Begin PBXTargetDependency section */
		C9E076751D38B4FF00A10388 /* PBXTargetDependency */ = {
			isa = PBXTargetDependency;
			target = C9E076591D38B4FF00A10388 /* LWTagsView */;
			targetProxy = C9E076741D38B4FF00A10388 /* PBXContainerItemProxy */;
		};
		C9E076801D38B4FF00A10388 /* PBXTargetDependency */ = {
			isa = PBXTargetDependency;
			target = C9E076591D38B4FF00A10388 /* LWTagsView */;
			targetProxy = C9E0767F1D38B4FF00A10388 /* PBXContainerItemProxy */;
		};
/* End PBXTargetDependency section */

/* Begin PBXVariantGroup section */
		C9E076661D38B4FF00A10388 /* Main.storyboard */ = {
			isa = PBXVariantGroup;
			children = (
				C9E076671D38B4FF00A10388 /* Base */,
			);
			name = Main.storyboard;
			sourceTree = "<group>";
		};
		C9E0766B1D38B4FF00A10388 /* LaunchScreen.storyboard */ = {
			isa = PBXVariantGroup;
			children = (
				C9E0766C1D38B4FF00A10388 /* Base */,
			);
			name = LaunchScreen.storyboard;
			sourceTree = "<group>";
		};
/* End PBXVariantGroup section */

/* Begin XCBuildConfiguration section */
		C9E076851D38B4FF00A10388 /* Debug */ = {
			isa = XCBuildConfiguration;
			buildSettings = {
				ALWAYS_SEARCH_USER_PATHS = NO;
				CLANG_CXX_LANGUAGE_STANDARD = "gnu++0x";
				CLANG_CXX_LIBRARY = "libc++";
				CLANG_ENABLE_MODULES = YES;
				CLANG_ENABLE_OBJC_ARC = YES;
				CLANG_WARN_BOOL_CONVERSION = YES;
				CLANG_WARN_CONSTANT_CONVERSION = YES;
				CLANG_WARN_DIRECT_OBJC_ISA_USAGE = YES_ERROR;
				CLANG_WARN_EMPTY_BODY = YES;
				CLANG_WARN_ENUM_CONVERSION = YES;
				CLANG_WARN_INT_CONVERSION = YES;
				CLANG_WARN_OBJC_ROOT_CLASS = YES_ERROR;
				CLANG_WARN_UNREACHABLE_CODE = YES;
				CLANG_WARN__DUPLICATE_METHOD_MATCH = YES;
				"CODE_SIGN_IDENTITY[sdk=iphoneos*]" = "iPhone Developer";
				COPY_PHASE_STRIP = NO;
				DEBUG_INFORMATION_FORMAT = dwarf;
				ENABLE_STRICT_OBJC_MSGSEND = YES;
				ENABLE_TESTABILITY = YES;
				GCC_C_LANGUAGE_STANDARD = gnu99;
				GCC_DYNAMIC_NO_PIC = NO;
				GCC_NO_COMMON_BLOCKS = YES;
				GCC_OPTIMIZATION_LEVEL = 0;
				GCC_PREPROCESSOR_DEFINITIONS = (
					"DEBUG=1",
					"$(inherited)",
				);
				GCC_WARN_64_TO_32_BIT_CONVERSION = YES;
				GCC_WARN_ABOUT_RETURN_TYPE = YES_ERROR;
				GCC_WARN_UNDECLARED_SELECTOR = YES;
				GCC_WARN_UNINITIALIZED_AUTOS = YES_AGGRESSIVE;
				GCC_WARN_UNUSED_FUNCTION = YES;
				GCC_WARN_UNUSED_VARIABLE = YES;
				IPHONEOS_DEPLOYMENT_TARGET = 9.2;
				MTL_ENABLE_DEBUG_INFO = YES;
				ONLY_ACTIVE_ARCH = YES;
				SDKROOT = iphoneos;
			};
			name = Debug;
		};
		C9E076861D38B4FF00A10388 /* Release */ = {
			isa = XCBuildConfiguration;
			buildSettings = {
				ALWAYS_SEARCH_USER_PATHS = NO;
				CLANG_CXX_LANGUAGE_STANDARD = "gnu++0x";
				CLANG_CXX_LIBRARY = "libc++";
				CLANG_ENABLE_MODULES = YES;
				CLANG_ENABLE_OBJC_ARC = YES;
				CLANG_WARN_BOOL_CONVERSION = YES;
				CLANG_WARN_CONSTANT_CONVERSION = YES;
				CLANG_WARN_DIRECT_OBJC_ISA_USAGE = YES_ERROR;
				CLANG_WARN_EMPTY_BODY = YES;
				CLANG_WARN_ENUM_CONVERSION = YES;
				CLANG_WARN_INT_CONVERSION = YES;
				CLANG_WARN_OBJC_ROOT_CLASS = YES_ERROR;
				CLANG_WARN_UNREACHABLE_CODE = YES;
				CLANG_WARN__DUPLICATE_METHOD_MATCH = YES;
				"CODE_SIGN_IDENTITY[sdk=iphoneos*]" = "iPhone Developer";
				COPY_PHASE_STRIP = NO;
				DEBUG_INFORMATION_FORMAT = "dwarf-with-dsym";
				ENABLE_NS_ASSERTIONS = NO;
				ENABLE_STRICT_OBJC_MSGSEND = YES;
				GCC_C_LANGUAGE_STANDARD = gnu99;
				GCC_NO_COMMON_BLOCKS = YES;
				GCC_WARN_64_TO_32_BIT_CONVERSION = YES;
				GCC_WARN_ABOUT_RETURN_TYPE = YES_ERROR;
				GCC_WARN_UNDECLARED_SELECTOR = YES;
				GCC_WARN_UNINITIALIZED_AUTOS = YES_AGGRESSIVE;
				GCC_WARN_UNUSED_FUNCTION = YES;
				GCC_WARN_UNUSED_VARIABLE = YES;
				IPHONEOS_DEPLOYMENT_TARGET = 9.2;
				MTL_ENABLE_DEBUG_INFO = NO;
				SDKROOT = iphoneos;
				VALIDATE_PRODUCT = YES;
			};
			name = Release;
		};
		C9E076881D38B4FF00A10388 /* Debug */ = {
			isa = XCBuildConfiguration;
			buildSettings = {
				ASSETCATALOG_COMPILER_APPICON_NAME = AppIcon;
				INFOPLIST_FILE = LWTagsView/Info.plist;
				LD_RUNPATH_SEARCH_PATHS = "$(inherited) @executable_path/Frameworks";
				PRODUCT_BUNDLE_IDENTIFIER = TFLH.LWTagsView;
				PRODUCT_NAME = "$(TARGET_NAME)";
			};
			name = Debug;
		};
		C9E076891D38B4FF00A10388 /* Release */ = {
			isa = XCBuildConfiguration;
			buildSettings = {
				ASSETCATALOG_COMPILER_APPICON_NAME = AppIcon;
				INFOPLIST_FILE = LWTagsView/Info.plist;
				LD_RUNPATH_SEARCH_PATHS = "$(inherited) @executable_path/Frameworks";
				PRODUCT_BUNDLE_IDENTIFIER = TFLH.LWTagsView;
				PRODUCT_NAME = "$(TARGET_NAME)";
			};
			name = Release;
		};
		C9E0768B1D38B4FF00A10388 /* Debug */ = {
			isa = XCBuildConfiguration;
			buildSettings = {
				BUNDLE_LOADER = "$(TEST_HOST)";
				INFOPLIST_FILE = LWTagsViewTests/Info.plist;
				LD_RUNPATH_SEARCH_PATHS = "$(inherited) @executable_path/Frameworks @loader_path/Frameworks";
				PRODUCT_BUNDLE_IDENTIFIER = TFLH.LWTagsViewTests;
				PRODUCT_NAME = "$(TARGET_NAME)";
				TEST_HOST = "$(BUILT_PRODUCTS_DIR)/LWTagsView.app/LWTagsView";
			};
			name = Debug;
		};
		C9E0768C1D38B4FF00A10388 /* Release */ = {
			isa = XCBuildConfiguration;
			buildSettings = {
				BUNDLE_LOADER = "$(TEST_HOST)";
				INFOPLIST_FILE = LWTagsViewTests/Info.plist;
				LD_RUNPATH_SEARCH_PATHS = "$(inherited) @executable_path/Frameworks @loader_path/Frameworks";
				PRODUCT_BUNDLE_IDENTIFIER = TFLH.LWTagsViewTests;
				PRODUCT_NAME = "$(TARGET_NAME)";
				TEST_HOST = "$(BUILT_PRODUCTS_DIR)/LWTagsView.app/LWTagsView";
			};
			name = Release;
		};
		C9E0768E1D38B4FF00A10388 /* Debug */ = {
			isa = XCBuildConfiguration;
			buildSettings = {
				INFOPLIST_FILE = LWTagsViewUITests/Info.plist;
				LD_RUNPATH_SEARCH_PATHS = "$(inherited) @executable_path/Frameworks @loader_path/Frameworks";
				PRODUCT_BUNDLE_IDENTIFIER = TFLH.LWTagsViewUITests;
				PRODUCT_NAME = "$(TARGET_NAME)";
				TEST_TARGET_NAME = LWTagsView;
				USES_XCTRUNNER = YES;
			};
			name = Debug;
		};
		C9E0768F1D38B4FF00A10388 /* Release */ = {
			isa = XCBuildConfiguration;
			buildSettings = {
				INFOPLIST_FILE = LWTagsViewUITests/Info.plist;
				LD_RUNPATH_SEARCH_PATHS = "$(inherited) @executable_path/Frameworks @loader_path/Frameworks";
				PRODUCT_BUNDLE_IDENTIFIER = TFLH.LWTagsViewUITests;
				PRODUCT_NAME = "$(TARGET_NAME)";
				TEST_TARGET_NAME = LWTagsView;
				USES_XCTRUNNER = YES;
			};
			name = Release;
		};
/* End XCBuildConfiguration section */

/* Begin XCConfigurationList section */
		C9E076551D38B4FF00A10388 /* Build configuration list for PBXProject "LWTagsView" */ = {
			isa = XCConfigurationList;
			buildConfigurations = (
				C9E076851D38B4FF00A10388 /* Debug */,
				C9E076861D38B4FF00A10388 /* Release */,
			);
			defaultConfigurationIsVisible = 0;
			defaultConfigurationName = Release;
		};
		C9E076871D38B4FF00A10388 /* Build configuration list for PBXNativeTarget "LWTagsView" */ = {
			isa = XCConfigurationList;
			buildConfigurations = (
				C9E076881D38B4FF00A10388 /* Debug */,
				C9E076891D38B4FF00A10388 /* Release */,
			);
			defaultConfigurationIsVisible = 0;
		};
		C9E0768A1D38B4FF00A10388 /* Build configuration list for PBXNativeTarget "LWTagsViewTests" */ = {
			isa = XCConfigurationList;
			buildConfigurations = (
				C9E0768B1D38B4FF00A10388 /* Debug */,
				C9E0768C1D38B4FF00A10388 /* Release */,
			);
			defaultConfigurationIsVisible = 0;
		};
		C9E0768D1D38B4FF00A10388 /* Build configuration list for PBXNativeTarget "LWTagsViewUITests" */ = {
			isa = XCConfigurationList;
			buildConfigurations = (
				C9E0768E1D38B4FF00A10388 /* Debug */,
				C9E0768F1D38B4FF00A10388 /* Release */,
			);
			defaultConfigurationIsVisible = 0;
		};
/* End XCConfigurationList section */
	};
	rootObject = C9E076521D38B4FF00A10388 /* Project object */;
}
